
Microsoft Visual Studio Solution File, Format Version 12.00
Project("{FAE04EC0-301F-11D3-BF4B-00C04F79EFBC}") = "YachuServerCore", "YachuServerCore\YachuServerCore.csproj", "{2734489C-DED6-4CFF-A51A-C0BD52757797}"
EndProject
Project("{FAE04EC0-301F-11D3-BF4B-00C04F79EFBC}") = "YachuDedicatedServer", "YachuDedicatedServer\YachuDedicatedServer.csproj", "{9540AB9E-318D-43B2-A1B5-9A1CA205B4ED}"
EndProject
Global
	GlobalSection(SolutionConfigurationPlatforms) = preSolution
		Debug|Any CPU = Debug|Any CPU
		Release|Any CPU = Release|Any CPU
	EndGlobalSection
	GlobalSection(ProjectConfigurationPlatforms) = postSolution
		{2734489C-DED6-4CFF-A51A-C0BD52757797}.Debug|Any CPU.ActiveCfg = Debug|Any CPU
		{2734489C-DED6-4CFF-A51A-C0BD52757797}.Debug|Any CPU.Build.0 = Debug|Any CPU
		{2734489C-DED6-4CFF-A51A-C0BD52757797}.Release|Any CPU.ActiveCfg = Release|Any CPU
		{2734489C-DED6-4CFF-A51A-C0BD52757797}.Release|Any CPU.Build.0 = Release|Any CPU
		{9540AB9E-318D-43B2-A1B5-9A1CA205B4ED}.Debug|Any CPU.ActiveCfg = Debug|Any CPU
		{9540AB9E-318D-43B2-A1B5-9A1CA205B4ED}.Debug|Any CPU.Build.0 = Debug|Any CPU
		{9540AB9E-318D-43B2-A1B5-9A1CA205B4ED}.Release|Any CPU.ActiveCfg = Release|Any CPU
		{9540AB9E-318D-43B2-A1B5-9A1CA205B4ED}.Release|Any CPU.Build.0 = Release|Any CPU
	EndGlobalSection
EndGlobal
